
Microsoft Visual Studio Solution File, Format Version 12.00
# Visual Studio Version 17
VisualStudioVersion = 17.7.34031.279
MinimumVisualStudioVersion = 10.0.40219.1
Project("{FAE04EC0-301F-11D3-BF4B-00C04F79EFBC}") = "Hackathon", "Hackathon\Hackathon.csproj", "{B92EB676-6D9C-4B39-A5E1-35021AFA3B43}"
EndProject
Global
	GlobalSection(SolutionConfigurationPlatforms) = preSolution
		Debug|Any CPU = Debug|Any CPU
		Release|Any CPU = Release|Any CPU
	EndGlobalSection
	GlobalSection(ProjectConfigurationPlatforms) = postSolution
		{B92EB676-6D9C-4B39-A5E1-35021AFA3B43}.Debug|Any CPU.ActiveCfg = Debug|Any CPU
		{B92EB676-6D9C-4B39-A5E1-35021AFA3B43}.Debug|Any CPU.Build.0 = Debug|Any CPU
		{B92EB676-6D9C-4B39-A5E1-35021AFA3B43}.Release|Any CPU.ActiveCfg = Release|Any CPU
		{B92EB676-6D9C-4B39-A5E1-35021AFA3B43}.Release|Any CPU.Build.0 = Release|Any CPU
	EndGlobalSection
	GlobalSection(SolutionProperties) = preSolution
		HideSolutionNode = FALSE
	EndGlobalSection
	GlobalSection(ExtensibilityGlobals) = postSolution
		SolutionGuid = {CB249BDF-7369-4F7A-B14F-BCAB030D966E}
	EndGlobalSection
EndGlobal
