
Microsoft Visual Studio Solution File, Format Version 12.00
# Visual Studio Version 16
VisualStudioVersion = 25.0.1706.7
MinimumVisualStudioVersion = 10.0.40219.1
Project("{FAE04EC0-301F-11D3-BF4B-00C04F79EFBC}") = "Hackathon", "Hackathon.csproj", "{593DD136-AADE-47F5-8A21-3C012E659F6A}"
EndProject
Global
	GlobalSection(SolutionConfigurationPlatforms) = preSolution
		Debug|Any CPU = Debug|Any CPU
		Release|Any CPU = Release|Any CPU
	EndGlobalSection
	GlobalSection(ProjectConfigurationPlatforms) = postSolution
		{593DD136-AADE-47F5-8A21-3C012E659F6A}.Debug|Any CPU.ActiveCfg = Debug|Any CPU
		{593DD136-AADE-47F5-8A21-3C012E659F6A}.Debug|Any CPU.Build.0 = Debug|Any CPU
		{593DD136-AADE-47F5-8A21-3C012E659F6A}.Release|Any CPU.ActiveCfg = Release|Any CPU
		{593DD136-AADE-47F5-8A21-3C012E659F6A}.Release|Any CPU.Build.0 = Release|Any CPU
	EndGlobalSection
	GlobalSection(SolutionProperties) = preSolution
		HideSolutionNode = FALSE
	EndGlobalSection
	GlobalSection(ExtensibilityGlobals) = postSolution
		SolutionGuid = {E26770C2-742C-4B01-B5EF-CF76CE3F142D}
	EndGlobalSection
EndGlobal
